{
    "hash": "0ceaf11fe8edc78f86d42b377de40318",
    "packages": [
        {
            "name": "doctrine/common",
            "version": "2.3.x-dev",
            "source": {
                "type": "git",
                "url": "https://github.com/doctrine/common",
                "reference": "bcc89eb63e7dad22102c4e0516fe40159461f40a"
            },
            "dist": {
                "type": "zip",
                "url": "https://github.com/doctrine/common/zipball/bcc89eb63e7dad22102c4e0516fe40159461f40a",
                "reference": "bcc89eb63e7dad22102c4e0516fe40159461f40a",
                "shasum": ""
            },
            "require": {
                "php": ">=5.3.2"
            },
            "time": "1347603718",
            "type": "library",
            "extra": {
                "branch-alias": {
                    "dev-master": "2.3.x-dev"
                }
            },
            "installation-source": "source",
            "autoload": {
                "psr-0": {
                    "Doctrine\\Common": "lib/"
                }
            }
        },
        {
            "name": "doctrine/dbal",
            "version": "2.3.x-dev",
            "source": {
                "type": "git",
                "url": "https://github.com/doctrine/dbal",
                "reference": "239630b61f03f39d198441eced1bfffb7b0e61d1"
            },
            "dist": {
                "type": "zip",
                "url": "https://github.com/doctrine/dbal/zipball/239630b61f03f39d198441eced1bfffb7b0e61d1",
                "reference": "239630b61f03f39d198441eced1bfffb7b0e61d1",
                "shasum": ""
            },
            "require": {
                "php": ">=5.3.2",
                "doctrine/common": "2.3.*"
            },
            "time": "1346866589",
            "type": "library",
            "extra": {
                "branch-alias": {
                    "dev-master": "2.3.x-dev"
                }
            },
            "installation-source": "source",
            "autoload": {
                "psr-0": {
                    "Doctrine\\DBAL": "lib/"
                }
            }
        },
        {
            "name": "doctrine/doctrine-bundle",
            "version": "dev-master",
            "target-dir": "Doctrine/Bundle/DoctrineBundle",
            "source": {
                "type": "git",
                "url": "git://github.com/doctrine/DoctrineBundle.git",
                "reference": "d3c930599723c8343472a5791b0f5909a4111a73"
            },
            "dist": {
                "type": "zip",
                "url": "https://github.com/doctrine/DoctrineBundle/zipball/d3c930599723c8343472a5791b0f5909a4111a73",
                "reference": "d3c930599723c8343472a5791b0f5909a4111a73",
                "shasum": ""
            },
            "require": {
                "php": ">=5.3.2",
                "doctrine/dbal": ">=2.2,<2.4-dev",
                "symfony/framework-bundle": "2.1.*",
                "symfony/doctrine-bridge": "2.1.*"
            },
            "require-dev": {
                "doctrine/orm": ">=2.2,<2.4-dev",
                "symfony/validator": "2.1.*",
                "symfony/yaml": "2.1.*"
            },
            "suggest": {
                "doctrine/orm": "The Doctrine ORM integration is optional in the bundle."
            },
            "time": "1347289964",
            "type": "symfony-bundle",
            "extra": {
                "branch-alias": {
                    "dev-master": "1.0.x-dev"
                }
            },
            "installation-source": "source",
            "autoload": {
                "psr-0": {
                    "Doctrine\\Bundle\\DoctrineBundle": ""
                }
            }
        },
        {
            "name": "doctrine/orm",
            "version": "2.3.x-dev",
            "source": {
                "type": "git",
                "url": "git://github.com/doctrine/doctrine2.git",
                "reference": "4d9f24b2eef3af3a3e76c773994c19bbb0706f88"
            },
            "dist": {
                "type": "zip",
                "url": "https://github.com/doctrine/doctrine2/zipball/4d9f24b2eef3af3a3e76c773994c19bbb0706f88",
                "reference": "4d9f24b2eef3af3a3e76c773994c19bbb0706f88",
                "shasum": ""
            },
            "require": {
                "php": ">=5.3.2",
                "ext-pdo": "*",
                "symfony/console": "2.*",
                "doctrine/dbal": "2.3.*"
            },
            "suggest": {
                "symfony/yaml": "If you want to use YAML Metadata Mapping Driver"
            },
            "time": "1346869007",
            "bin": [
                "bin/doctrine",
                "bin/doctrine.php"
            ],
            "type": "library",
            "extra": {
                "branch-alias": {
                    "dev-master": "2.3.x-dev"
                }
            },
            "installation-source": "source",
            "autoload": {
                "psr-0": {
                    "Doctrine\\ORM": "lib/"
                }
            }
        },
        {
            "name": "jms/aop-bundle",
            "version": "1.0.0",
            "target-dir": "JMS/AopBundle",
            "source": {
                "type": "git",
                "url": "https://github.com/schmittjoh/JMSAopBundle",
                "reference": "1.0.0"
            },
            "dist": {
                "type": "zip",
                "url": "https://github.com/schmittjoh/JMSAopBundle/zipball/1.0.0",
                "reference": "1.0.0",
                "shasum": ""
            },
            "require": {
                "symfony/framework-bundle": "2.*",
                "jms/cg": "1.0.0"
            },
            "time": "2012-01-02 20:50:26",
            "type": "symfony-bundle",
            "installation-source": "dist",
            "autoload": {
                "psr-0": {
                    "JMS\\AopBundle": ""
                }
            }
        },
        {
            "name": "jms/cg",
            "version": "1.0.0",
            "source": {
                "type": "git",
                "url": "git://github.com/schmittjoh/cg-library.git",
                "reference": "1.0.0"
            },
            "dist": {
                "type": "zip",
                "url": "https://github.com/schmittjoh/cg-library/zipball/1.0.0",
                "reference": "1.0.0",
                "shasum": ""
            },
            "require": {
                "php": ">=5.3.0"
            },
            "time": "2012-01-02 20:40:52",
            "type": "library",
            "installation-source": "dist",
            "autoload": {
                "psr-0": {
                    "CG\\": "src/"
                }
            }
        },
        {
            "name": "jms/di-extra-bundle",
            "version": "1.1.x-dev",
            "target-dir": "JMS/DiExtraBundle",
            "source": {
                "type": "git",
                "url": "https://github.com/schmittjoh/JMSDiExtraBundle",
                "reference": "d3360b2eb98a1381b9a3fd86ea94a35a347afebb"
            },
            "dist": {
                "type": "zip",
                "url": "https://github.com/schmittjoh/JMSDiExtraBundle/zipball/d3360b2eb98a1381b9a3fd86ea94a35a347afebb",
                "reference": "d3360b2eb98a1381b9a3fd86ea94a35a347afebb",
                "shasum": ""
            },
            "require": {
                "symfony/framework-bundle": "2.1.*",
                "jms/aop-bundle": "1.0.*",
                "jms/metadata": "1.1.*",
                "symfony/process": "2.1.*",
                "symfony/finder": "2.1.*"
            },
            "require-dev": {
                "symfony/validator": "2.1.*",
                "symfony/form": "2.1.*",
                "symfony/class-loader": "2.1.*",
                "symfony/yaml": "2.1.*",
                "symfony/browser-kit": "2.1.*",
                "symfony/security-bundle": "2.1.*",
                "symfony/twig-bundle": "2.1.*",
                "sensio/framework-extra-bundle": "2.1.*",
                "jms/security-extra-bundle": "1.*"
            },
            "time": "1347584907",
            "type": "symfony-bundle",
            "installation-source": "source",
            "autoload": {
                "psr-0": {
                    "JMS\\DiExtraBundle": ""
                }
            }
        },
        {
            "name": "jms/metadata",
            "version": "1.1.1",
            "source": {
                "type": "git",
                "url": "https://github.com/schmittjoh/metadata",
                "reference": "1.1.1"
            },
            "dist": {
                "type": "zip",
                "url": "https://github.com/schmittjoh/metadata/zipball/1.1.1",
                "reference": "1.1.1",
                "shasum": ""
            },
            "require": {
                "php": ">=5.3.0"
            },
            "time": "2012-01-02 21:32:49",
            "type": "library",
            "installation-source": "dist",
            "autoload": {
                "psr-0": {
                    "Metadata\\": "src/"
                }
            }
        },
        {
            "name": "jms/security-extra-bundle",
            "version": "1.2.x-dev",
            "target-dir": "JMS/SecurityExtraBundle",
            "source": {
                "type": "git",
                "url": "https://github.com/schmittjoh/JMSSecurityExtraBundle",
                "reference": "9ab6aceda50fc7a2b07d741ba4b3f0695508afcb"
            },
            "dist": {
                "type": "zip",
                "url": "https://github.com/schmittjoh/JMSSecurityExtraBundle/zipball/9ab6aceda50fc7a2b07d741ba4b3f0695508afcb",
                "reference": "9ab6aceda50fc7a2b07d741ba4b3f0695508afcb",
                "shasum": ""
            },
            "require": {
                "symfony/framework-bundle": "2.1.*",
                "symfony/security-bundle": "*",
                "jms/metadata": "1.1.*",
                "jms/aop-bundle": "1.0.*",
                "jms/di-extra-bundle": "1.1.*"
            },
            "require-dev": {
                "sensio/framework-extra-bundle": "*",
                "symfony/class-loader": "*",
                "symfony/yaml": "*",
                "symfony/browser-kit": "*",
                "symfony/finder": "*",
                "symfony/css-selector": "*",
                "symfony/process": "*",
                "doctrine/doctrine-bundle": "*",
                "symfony/twig-bundle": "*",
                "doctrine/orm": "*",
                "symfony/form": "*",
                "symfony/validator": "*"
            },
            "time": "1346947943",
            "type": "symfony-bundle",
            "installation-source": "source",
            "autoload": {
                "psr-0": {
                    "JMS\\SecurityExtraBundle": ""
                }
            }
        },
        {
            "name": "kriswallsmith/assetic",
            "version": "dev-master",
            "source": {
                "type": "git",
                "url": "http://github.com/kriswallsmith/assetic.git",
                "reference": "a6baab9b4c4361aca51bf90ee47c1586dff3cb0c"
            },
            "dist": {
                "type": "zip",
                "url": "https://github.com/kriswallsmith/assetic/zipball/a6baab9b4c4361aca51bf90ee47c1586dff3cb0c",
                "reference": "a6baab9b4c4361aca51bf90ee47c1586dff3cb0c",
                "shasum": ""
            },
            "require": {
                "symfony/process": "2.1.*",
                "php": ">=5.3.1"
            },
            "require-dev": {
                "twig/twig": ">=1.6.0,<2.0",
                "leafo/lessphp": "*",
                "leafo/scssphp": "*",
                "ptachoire/cssembed": "*",
                "leafo/scssphp-compass": "*"
            },
            "suggest": {
                "twig/twig": "Assetic provides the integration with the Twig templating engine",
                "leafo/lessphp": "Assetic provides the integration with the lessphp LESS compiler",
                "leafo/scssphp": "Assetic provides the integration with the scssphp SCSS compiler",
                "ptachoire/cssembed": "Assetic provides the integration with phpcssembed to embed data uris",
                "leafo/scssphp-compass": "Assetic provides the integration with the SCSS compass plugin"
            },
            "time": "1347622188",
            "type": "library",
            "extra": {
                "branch-alias": {
                    "dev-master": "1.1-dev"
                }
            },
            "installation-source": "source",
            "autoload": {
                "psr-0": {
                    "Assetic": "src/"
                },
                "files": [
                    "src/functions.php"
                ]
            }
        },
        {
            "name": "monolog/monolog",
            "version": "dev-master",
            "source": {
                "type": "git",
                "url": "https://github.com/Seldaek/monolog",
                "reference": "0f3dc95c4a0ed7d17bec237d07af3da6c0c1071a"
            },
            "dist": {
                "type": "zip",
                "url": "https://github.com/Seldaek/monolog/zipball/0f3dc95c4a0ed7d17bec237d07af3da6c0c1071a",
                "reference": "0f3dc95c4a0ed7d17bec237d07af3da6c0c1071a",
                "shasum": ""
            },
            "require": {
                "php": ">=5.3.0"
            },
            "require-dev": {
                "mlehner/gelf-php": "1.0.*"
            },
            "suggest": {
                "mlehner/gelf-php": "Allow sending log messages to a GrayLog2 server",
                "ext-amqp": "Allow sending log messages to an AMQP server (1.0+ required)",
                "ext-mongo": "Allow sending log messages to a MongoDB server"
            },
            "time": "1347363321",
            "type": "library",
            "extra": {
                "branch-alias": {
                    "dev-master": "1.3.x-dev"
                }
            },
            "installation-source": "source",
            "autoload": {
                "psr-0": {
                    "Monolog": "src/"
                }
            }
        },
        {
            "name": "phpbb/admin-panel-bundle",
            "version": "dev-master",
            "target-dir": "phpBB/AdminPanelBundle",
            "source": {
                "type": "git",
                "url": "https://github.com/phpbb/phpBBAdminPanelBundle",
                "reference": "a26c47d2dfe1d98cf25757a57090dfb04d23afe9"
            },
            "dist": {
                "type": "zip",
                "url": "https://github.com/phpbb/phpBBAdminPanelBundle/zipball/a26c47d2dfe1d98cf25757a57090dfb04d23afe9",
                "reference": "a26c47d2dfe1d98cf25757a57090dfb04d23afe9",
                "shasum": ""
            },
            "require": {
                "symfony/symfony": "2.1.*"
            },
            "time": "1345197682",
            "type": "symfony-bundle",
            "extra": {
                "branch-alias": {
                    "dev-master": "1.0.0-dev"
                }
            },
            "installation-source": "source",
            "autoload": {
                "psr-0": {
                    "phpBB\\AdminPanelBundle": ""
                }
            }
        },
        {
            "name": "phpbb/dev-tools-bundle",
            "version": "dev-master",
            "target-dir": "phpBB/DevToolsBundle",
            "source": {
                "type": "git",
                "url": "https://github.com/phpbb/phpBBDevToolsBundle",
                "reference": "61f2de55300d23db2b8f24fd5e4dff22d75001b0"
            },
            "dist": {
                "type": "zip",
                "url": "https://github.com/phpbb/phpBBDevToolsBundle/zipball/61f2de55300d23db2b8f24fd5e4dff22d75001b0",
                "reference": "61f2de55300d23db2b8f24fd5e4dff22d75001b0",
                "shasum": ""
            },
            "require": {
                "symfony/symfony": "2.1.*"
            },
            "time": "1345197723",
            "type": "symfony-bundle",
            "extra": {
                "branch-alias": {
                    "dev-master": "1.0.0-dev"
                }
            },
            "installation-source": "source",
            "autoload": {
                "psr-0": {
                    "phpBB\\DevToolsBundle": ""
                }
            }
        },
        {
            "name": "phpbb/logging-admin-interface-bundle",
            "version": "dev-master",
            "target-dir": "phpBB/LoggingAdminInterfaceBundle",
            "source": {
                "type": "git",
                "url": "https://github.com/phpbb/phpBBLoggingAdminInterfaceBundle",
                "reference": "286af6419994d457e1b496081ffd1c800ba23ec9"
            },
            "dist": {
                "type": "zip",
                "url": "https://github.com/phpbb/phpBBLoggingAdminInterfaceBundle/zipball/286af6419994d457e1b496081ffd1c800ba23ec9",
                "reference": "286af6419994d457e1b496081ffd1c800ba23ec9",
                "shasum": ""
            },
            "require": {
                "symfony/symfony": "2.1.*",
                "phpbb/admin-panel-bundle": "dev-master",
                "symfony/monolog-bundle": "dev-master"
            },
            "time": "1345198110",
            "type": "symfony-bundle",
            "extra": {
                "branch-alias": {
                    "dev-master": "1.0.0-dev"
                }
            },
            "installation-source": "source",
            "autoload": {
                "psr-0": {
                    "phpBB\\LoggingAdminInterfaceBundle": ""
                }
            }
        },
        {
            "name": "phpbb/phpbb-sessions-auth-bundle",
            "version": "dev-master",
            "target-dir": "phpBB/phpBBSessionsAuthBundle",
            "source": {
                "type": "git",
                "url": "https://github.com/phpbb/phpBBphpBBSessionsAuthBundle",
                "reference": "a668f4cae7fd0273e31aafb3d06ae0193ad8c5d8"
            },
            "dist": {
                "type": "zip",
                "url": "https://github.com/phpbb/phpBBphpBBSessionsAuthBundle/zipball/a668f4cae7fd0273e31aafb3d06ae0193ad8c5d8",
                "reference": "a668f4cae7fd0273e31aafb3d06ae0193ad8c5d8",
                "shasum": ""
            },
            "require": {
                "symfony/symfony": "2.1.*",
                "doctrine/orm": ">=2.2.3,<2.4-dev",
                "doctrine/doctrine-bundle": "dev-master"
            },
            "time": "1345198226",
            "type": "symfony-bundle",
            "extra": {
                "branch-alias": {
                    "dev-master": "1.0.0-dev"
                }
            },
            "installation-source": "source",
            "autoload": {
                "psr-0": {
                    "phpBB\\phpBBSessionsAuthBundle": ""
                }
            }
        },
        {
            "name": "phpbb/static-pages-bundle",
            "version": "dev-master",
            "target-dir": "phpBB/StaticPagesBundle",
            "source": {
                "type": "git",
                "url": "https://github.com/phpbb/phpBBStaticPagesBundle",
                "reference": "bd30a32f890adafe730a0575e4a4042bfd53a2f2"
            },
            "dist": {
                "type": "zip",
                "url": "https://github.com/phpbb/phpBBStaticPagesBundle/zipball/bd30a32f890adafe730a0575e4a4042bfd53a2f2",
                "reference": "bd30a32f890adafe730a0575e4a4042bfd53a2f2",
                "shasum": ""
            },
            "require": {
                "symfony/symfony": "2.1.*"
            },
            "time": "1346524308",
            "type": "symfony-bundle",
            "extra": {
                "branch-alias": {
                    "dev-master": "1.0.0-dev"
                }
            },
            "installation-source": "source",
            "autoload": {
                "psr-0": {
                    "phpBB\\StaticPagesBundle": ""
                }
            }
        },
        {
            "name": "phpbb/update-git-repo-bundle",
            "version": "dev-master",
            "target-dir": "phpBB/UpdateGitRepoBundle",
            "source": {
                "type": "git",
                "url": "https://github.com/phpbb/phpBBUpdateGitRepoBundle",
                "reference": "828ba2685f7adb97d163ff7e0f1f2391f3b1a123"
            },
            "dist": {
                "type": "zip",
                "url": "https://github.com/phpbb/phpBBUpdateGitRepoBundle/zipball/828ba2685f7adb97d163ff7e0f1f2391f3b1a123",
                "reference": "828ba2685f7adb97d163ff7e0f1f2391f3b1a123",
                "shasum": ""
            },
            "require": {
                "symfony/symfony": "2.1.*"
            },
            "time": "1345197923",
            "type": "symfony-bundle",
            "extra": {
                "branch-alias": {
                    "dev-master": "1.0.0-dev"
                }
            },
            "installation-source": "source",
            "autoload": {
                "psr-0": {
                    "phpBB\\UpdateGitRepoBundle": ""
                }
            }
        },
        {
            "name": "sensio/distribution-bundle",
            "version": "2.1.x-dev",
            "target-dir": "Sensio/Bundle/DistributionBundle",
            "source": {
                "type": "git",
                "url": "https://github.com/sensio/SensioDistributionBundle",
                "reference": "2eee3cb4cd761c851f0d766649fb9ff6f4c97002"
            },
            "dist": {
                "type": "zip",
                "url": "https://github.com/sensio/SensioDistributionBundle/zipball/2eee3cb4cd761c851f0d766649fb9ff6f4c97002",
                "reference": "2eee3cb4cd761c851f0d766649fb9ff6f4c97002",
                "shasum": ""
            },
            "require": {
                "symfony/framework-bundle": "2.1.*"
            },
            "time": "1347340208",
            "type": "symfony-bundle",
            "extra": {
                "branch-alias": {
                    "dev-master": "2.1.x-dev"
                }
            },
            "installation-source": "source",
            "autoload": {
                "psr-0": {
                    "Sensio\\Bundle\\DistributionBundle": ""
                }
            },
            "license": [
                "MIT"
            ],
            "authors": [
                {
                    "name": "Fabien Potencier",
                    "email": "fabien@symfony.com"
                }
            ],
            "description": "The base bundle for the Symfony Distributions",
            "keywords": [
                "distribution",
                "configuration"
            ]
        },
        {
            "name": "sensio/framework-extra-bundle",
            "version": "2.1.x-dev",
            "target-dir": "Sensio/Bundle/FrameworkExtraBundle",
            "source": {
                "type": "git",
                "url": "https://github.com/sensio/SensioFrameworkExtraBundle",
                "reference": "6d393099b17f301cc09a1d586292ed0b84763011"
            },
            "dist": {
                "type": "zip",
                "url": "https://github.com/sensio/SensioFrameworkExtraBundle/zipball/6d393099b17f301cc09a1d586292ed0b84763011",
                "reference": "6d393099b17f301cc09a1d586292ed0b84763011",
                "shasum": ""
            },
            "require": {
                "symfony/framework-bundle": "2.1.*",
                "doctrine/common": ">=2.1,<2.4-dev"
            },
            "time": "1347780475",
            "type": "symfony-bundle",
            "extra": {
                "branch-alias": {
                    "dev-master": "2.1.x-dev"
                }
            },
            "installation-source": "source",
            "autoload": {
                "psr-0": {
                    "Sensio\\Bundle\\FrameworkExtraBundle": ""
                }
            },
            "license": [
                "MIT"
            ],
            "authors": [
                {
                    "name": "Fabien Potencier",
                    "email": "fabien@symfony.com"
                }
            ],
            "description": "This bundle provides a way to configure your controllers with annotations",
            "keywords": [
                "annotations",
                "controllers"
            ]
        },
        {
            "name": "sensio/generator-bundle",
            "version": "dev-master",
            "target-dir": "Sensio/Bundle/GeneratorBundle",
            "source": {
                "type": "git",
                "url": "https://github.com/sensio/SensioGeneratorBundle",
                "reference": "v2.1.0"
            },
            "dist": {
                "type": "zip",
                "url": "https://github.com/sensio/SensioGeneratorBundle/zipball/v2.1.0",
                "reference": "v2.1.0",
                "shasum": ""
            },
            "require": {
                "symfony/framework-bundle": "2.1.*"
            },
            "require-dev": {
                "symfony/doctrine-bridge": "2.1.*",
                "doctrine/orm": ">=2.1,<2.4-dev",
                "twig/twig": ">=1.8,<2.0-dev"
            },
            "suggest": {
                "doctrine/doctrine-bundle": "to generate entities and their crud controller"
            },
            "time": "1346138171",
            "type": "symfony-bundle",
            "extra": {
                "branch-alias": {
                    "dev-master": "2.1.x-dev"
                }
            },
            "installation-source": "source",
            "autoload": {
                "psr-0": {
                    "Sensio\\Bundle\\GeneratorBundle": ""
                }
            }
        },
        {
            "name": "swiftmailer/swiftmailer",
            "version": "dev-master",
            "source": {
                "type": "git",
                "url": "git://github.com/swiftmailer/swiftmailer.git",
                "reference": "1e5482485f30a2431f9b8eb19a091eef4b57008c"
            },
            "dist": {
                "type": "zip",
                "url": "https://github.com/swiftmailer/swiftmailer/zipball/1e5482485f30a2431f9b8eb19a091eef4b57008c",
                "reference": "1e5482485f30a2431f9b8eb19a091eef4b57008c",
                "shasum": ""
            },
            "require": {
                "php": ">=5.2.4"
            },
            "time": "1347542176",
            "type": "library",
            "extra": {
                "branch-alias": {
                    "dev-master": "4.2-dev"
                }
            },
            "installation-source": "source",
            "autoload": {
                "files": [
                    "lib/swift_required.php"
                ]
            }
        },
        {
            "name": "symfony/assetic-bundle",
            "version": "dev-master",
            "target-dir": "Symfony/Bundle/AsseticBundle",
            "source": {
                "type": "git",
                "url": "https://github.com/symfony/AsseticBundle",
                "reference": "64345e86761444c35679e1aed424e1ed2370f0de"
            },
            "dist": {
                "type": "zip",
                "url": "https://github.com/symfony/AsseticBundle/zipball/64345e86761444c35679e1aed424e1ed2370f0de",
                "reference": "64345e86761444c35679e1aed424e1ed2370f0de",
                "shasum": ""
            },
            "require": {
                "php": ">=5.3.0",
                "symfony/framework-bundle": "2.1.*",
                "kriswallsmith/assetic": "1.1.*"
            },
            "require-dev": {
                "symfony/twig-bundle": "2.1.*",
                "symfony/console": "2.1.*",
                "symfony/class-loader": "2.1.*",
                "symfony/yaml": "2.1.*",
                "symfony/form": "2.1.*",
                "symfony/dom-crawler": "2.1.*",
                "symfony/css-selector": "2.1.*"
            },
            "suggest": {
                "symfony/twig-bundle": "2.1.*"
            },
            "time": "1347626244",
            "type": "symfony-bundle",
            "extra": {
                "branch-alias": {
                    "dev-master": "2.1.x-dev"
                }
            },
            "installation-source": "source",
            "autoload": {
                "psr-0": {
                    "Symfony\\Bundle\\AsseticBundle": ""
                }
            }
        },
        {
            "name": "symfony/monolog-bundle",
            "version": "dev-master",
            "target-dir": "Symfony/Bundle/MonologBundle",
            "source": {
                "type": "git",
                "url": "https://github.com/symfony/MonologBundle",
                "reference": "b7318480e6f8bf5579d6b3cd856850302e7ba8d8"
            },
            "dist": {
                "type": "zip",
                "url": "https://github.com/symfony/MonologBundle/zipball/b7318480e6f8bf5579d6b3cd856850302e7ba8d8",
                "reference": "b7318480e6f8bf5579d6b3cd856850302e7ba8d8",
                "shasum": ""
            },
            "require": {
                "php": ">=5.3.2",
                "monolog/monolog": "1.*",
                "symfony/monolog-bridge": "2.1.*",
                "symfony/dependency-injection": "2.1.*",
                "symfony/config": "2.1.*"
            },
            "require-dev": {
                "symfony/yaml": "2.1.*",
                "symfony/config": "2.1.*"
            },
            "time": "1347283885",
            "type": "symfony-bundle",
            "extra": {
                "branch-alias": {
                    "dev-master": "2.1.x-dev"
                }
            },
            "installation-source": "source",
            "autoload": {
                "psr-0": {
                    "Symfony\\Bundle\\MonologBundle": ""
                }
            }
        },
        {
            "name": "symfony/swiftmailer-bundle",
            "version": "dev-master",
            "target-dir": "Symfony/Bundle/SwiftmailerBundle",
            "source": {
                "type": "git",
                "url": "https://github.com/symfony/SwiftmailerBundle",
                "reference": "d2eae9385c029cbac031a90e6d2abc74b889a562"
            },
            "dist": {
                "type": "zip",
                "url": "https://github.com/symfony/SwiftmailerBundle/zipball/d2eae9385c029cbac031a90e6d2abc74b889a562",
                "reference": "d2eae9385c029cbac031a90e6d2abc74b889a562",
                "shasum": ""
            },
            "require": {
                "php": ">=5.3.2",
                "symfony/swiftmailer-bridge": "2.1.*",
                "swiftmailer/swiftmailer": ">=4.2.0,<4.3-dev"
            },
            "require-dev": {
                "symfony/dependency-injection": "2.1.*",
                "symfony/http-kernel": "2.1.*",
                "symfony/config": "2.1.*",
                "symfony/yaml": "2.1.*"
            },
            "time": "1346243146",
            "type": "symfony-bundle",
            "extra": {
                "branch-alias": {
                    "dev-master": "2.1-dev"
                }
            },
            "installation-source": "source",
            "autoload": {
                "psr-0": {
                    "Symfony\\Bundle\\SwiftmailerBundle": ""
                }
            }
        },
        {
            "name": "symfony/symfony",
            "version": "v2.1.1",
            "source": {
                "type": "git",
                "url": "git://github.com/symfony/symfony.git",
                "reference": "v2.1.1"
            },
            "dist": {
                "type": "zip",
                "url": "https://github.com/symfony/symfony/zipball/v2.1.1",
                "reference": "v2.1.1",
                "shasum": ""
            },
            "require": {
                "php": ">=5.3.3",
                "doctrine/common": ">2.2,<2.4-dev",
                "twig/twig": ">=1.9.1,<2.0-dev"
            },
            "replace": {
                "symfony/doctrine-bridge": "self.version",
                "symfony/monolog-bridge": "self.version",
                "symfony/propel1-bridge": "self.version",
                "symfony/swiftmailer-bridge": "self.version",
                "symfony/twig-bridge": "self.version",
                "symfony/framework-bundle": "self.version",
                "symfony/security-bundle": "self.version",
                "symfony/twig-bundle": "self.version",
                "symfony/web-profiler-bundle": "self.version",
                "symfony/browser-kit": "self.version",
                "symfony/class-loader": "self.version",
                "symfony/config": "self.version",
                "symfony/console": "self.version",
                "symfony/css-selector": "self.version",
                "symfony/dependency-injection": "self.version",
                "symfony/dom-crawler": "self.version",
                "symfony/event-dispatcher": "self.version",
                "symfony/filesystem": "self.version",
                "symfony/finder": "self.version",
                "symfony/form": "self.version",
                "symfony/http-foundation": "self.version",
                "symfony/http-kernel": "self.version",
                "symfony/locale": "self.version",
                "symfony/options-resolver": "self.version",
                "symfony/process": "self.version",
                "symfony/routing": "self.version",
                "symfony/security": "self.version",
                "symfony/serializer": "self.version",
                "symfony/templating": "self.version",
                "symfony/translation": "self.version",
                "symfony/validator": "self.version",
                "symfony/yaml": "self.version"
            },
            "require-dev": {
                "doctrine/dbal": ">=2.2,<2.4-dev",
                "doctrine/orm": ">=2.2.3,<2.4-dev",
                "doctrine/data-fixtures": "1.0.*",
                "propel/propel1": "dev-master",
                "monolog/monolog": "dev-master"
            },
            "time": "2012-09-11 05:00:41",
            "type": "library",
            "extra": {
                "branch-alias": {
                    "dev-master": "2.1-dev"
                }
            },
            "installation-source": "dist",
            "autoload": {
                "psr-0": {
                    "Symfony": "src/",
                    "SessionHandlerInterface": "src/Symfony/Component/HttpFoundation/Resources/stubs"
                }
            }
        },
        {
            "name": "twig/extensions",
            "version": "dev-master",
            "source": {
                "type": "git",
                "url": "https://github.com/fabpot/Twig-extensions",
                "reference": "f904575642b1213db69b4a98f08397e722ba1cae"
            },
            "dist": {
                "type": "zip",
                "url": "https://github.com/fabpot/Twig-extensions/zipball/f904575642b1213db69b4a98f08397e722ba1cae",
                "reference": "f904575642b1213db69b4a98f08397e722ba1cae",
                "shasum": ""
            },
            "require": {
                "twig/twig": "1.*"
            },
            "time": "1346770278",
            "type": "library",
            "extra": {
                "branch-alias": {
                    "dev-master": "1.0.x-dev"
                }
            },
            "installation-source": "source",
            "autoload": {
                "psr-0": {
                    "Twig_Extensions_": "lib/"
                }
            }
        },
        {
            "name": "twig/twig",
            "version": "dev-master",
            "source": {
                "type": "git",
                "url": "git://github.com/fabpot/Twig.git",
                "reference": "f311c9579d85381940462a9c745893661959a744"
            },
            "dist": {
                "type": "zip",
                "url": "https://github.com/fabpot/Twig/zipball/f311c9579d85381940462a9c745893661959a744",
                "reference": "f311c9579d85381940462a9c745893661959a744",
                "shasum": ""
            },
            "require": {
                "php": ">=5.2.4"
            },
            "time": "1347801663",
            "type": "library",
            "extra": {
                "branch-alias": {
                    "dev-master": "1.9-dev"
                }
            },
            "installation-source": "source",
            "autoload": {
                "psr-0": {
                    "Twig_": "lib/"
                }
            }
        }
    ],
    "packages-dev": null,
    "aliases": [

    ],
    "minimum-stability": "dev",
    "stability-flags": {
        "symfony/symfony": 10,
        "phpbb/static-pages-bundle": 20,
        "phpbb/update-git-repo-bundle": 20,
        "phpbb/phpbb-sessions-auth-bundle": 20,
        "phpbb/logging-admin-interface-bundle": 20,
        "phpbb/dev-tools-bundle": 20,
        "phpbb/admin-panel-bundle": 20
    }
}
